
Microsoft Visual Studio Solution File, Format Version 12.00
# Visual Studio 14
VisualStudioVersion = 14.0.25420.1
MinimumVisualStudioVersion = 10.0.40219.1
Project("{FAE04EC0-301F-11D3-BF4B-00C04F79EFBC}") = "XamSvg.Ios-Demo", "XamSvg.Ios2Tests\XamSvg.Ios-Demo.csproj", "{EDCF503F-2C08-4F8F-B251-CE23D513893F}"
EndProject
Project("{FAE04EC0-301F-11D3-BF4B-00C04F79EFBC}") = "XamSvgDemo.Droid", "XamSvg.DroidTests\XamSvgDemo.Droid.csproj", "{180C0707-531A-467C-A14C-9D49BAC09CD3}"
EndProject
Project("{FAE04EC0-301F-11D3-BF4B-00C04F79EFBC}") = "XamSvg.Wp81Demo", "XamSvg.Wp81Demo\XamSvg.Wp81Demo.csproj", "{56B24492-D883-4592-9D27-B4363F1E250B}"
EndProject
Project("{FAE04EC0-301F-11D3-BF4B-00C04F79EFBC}") = "XamSvgDemo.Shared", "XamSvgDemo.Shared\XamSvgDemo.Shared.csproj", "{D8AC967E-1B7A-472A-A4B2-7DB081837390}"
EndProject
Project("{2150E333-8FDC-42A3-9474-1A3956D46DE8}") = "Xamarin native samples", "Xamarin native samples", "{4CA3C806-2C1F-4921-950D-7027F8FC7C21}"
EndProject
Project("{2150E333-8FDC-42A3-9474-1A3956D46DE8}") = "Xamarin.Forms  samples", "Xamarin.Forms  samples", "{310FF2E3-7489-48ED-8C10-B5B0774DBA88}"
EndProject
Project("{FAE04EC0-301F-11D3-BF4B-00C04F79EFBC}") = "XamSvg.Demo", "XamSvg.XamFormsDemo\XamSvg.Demo\XamSvg.Demo.csproj", "{990D3AC5-32AE-4C37-9188-B313EC88D263}"
EndProject
Project("{FAE04EC0-301F-11D3-BF4B-00C04F79EFBC}") = "XamSvg.Demo.Droid", "XamSvg.XamFormsDemo\XamSvg.Demo.Droid\XamSvg.Demo.Droid.csproj", "{E422047B-69F2-420F-A7BC-B31F726E8E88}"
EndProject
Project("{FAE04EC0-301F-11D3-BF4B-00C04F79EFBC}") = "XamSvg.Demo.iOS", "XamSvg.XamFormsDemo\XamSvg.Demo.iOS\XamSvg.Demo.iOS.csproj", "{1CBEF5AD-05C7-4BEC-8A34-E0A0061DAE1B}"
EndProject
Project("{FAE04EC0-301F-11D3-BF4B-00C04F79EFBC}") = "XamSvg.Demo.Uw", "XamSvg.XamFormsDemo\XamSvg.Demo.Uw\XamSvg.Demo.Uw.csproj", "{DD70726A-161F-44AC-AD9A-A0A7E02270C3}"
EndProject
Project("{FAE04EC0-301F-11D3-BF4B-00C04F79EFBC}") = "XamSvg.Demo.Wp81", "XamSvg.XamFormsDemo\XamSvg.Demo.Wp81\XamSvg.Demo.Wp81.csproj", "{C5223F8C-2781-433C-ABFE-36EAF103A543}"
EndProject
Project("{2150E333-8FDC-42A3-9474-1A3956D46DE8}") = "Shared resources", "Shared resources", "{AD01096B-6F45-49C7-9198-29B730B6E7C8}"
EndProject
Project("{FAE04EC0-301F-11D3-BF4B-00C04F79EFBC}") = "XamSvg.UwDemo", "XamSvg.UwDemo\XamSvg.UwDemo.csproj", "{3236B51E-CF18-4311-8898-E30B6A9E25F9}"
EndProject
Global
	GlobalSection(SolutionConfigurationPlatforms) = preSolution
		Ad-Hoc|Any CPU = Ad-Hoc|Any CPU
		Ad-Hoc|ARM = Ad-Hoc|ARM
		Ad-Hoc|iPhone = Ad-Hoc|iPhone
		Ad-Hoc|iPhoneSimulator = Ad-Hoc|iPhoneSimulator
		Ad-Hoc|x64 = Ad-Hoc|x64
		Ad-Hoc|x86 = Ad-Hoc|x86
		AppStore|Any CPU = AppStore|Any CPU
		AppStore|ARM = AppStore|ARM
		AppStore|iPhone = AppStore|iPhone
		AppStore|iPhoneSimulator = AppStore|iPhoneSimulator
		AppStore|x64 = AppStore|x64
		AppStore|x86 = AppStore|x86
		Debug|Any CPU = Debug|Any CPU
		Debug|ARM = Debug|ARM
		Debug|iPhone = Debug|iPhone
		Debug|iPhoneSimulator = Debug|iPhoneSimulator
		Debug|x64 = Debug|x64
		Debug|x86 = Debug|x86
		Release|Any CPU = Release|Any CPU
		Release|ARM = Release|ARM
		Release|iPhone = Release|iPhone
		Release|iPhoneSimulator = Release|iPhoneSimulator
		Release|x64 = Release|x64
		Release|x86 = Release|x86
	EndGlobalSection
	GlobalSection(ProjectConfigurationPlatforms) = postSolution
		{EDCF503F-2C08-4F8F-B251-CE23D513893F}.Ad-Hoc|Any CPU.ActiveCfg = Ad-Hoc|iPhone
		{EDCF503F-2C08-4F8F-B251-CE23D513893F}.Ad-Hoc|ARM.ActiveCfg = Ad-Hoc|iPhone
		{EDCF503F-2C08-4F8F-B251-CE23D513893F}.Ad-Hoc|iPhone.ActiveCfg = Ad-Hoc|iPhone
		{EDCF503F-2C08-4F8F-B251-CE23D513893F}.Ad-Hoc|iPhone.Build.0 = Ad-Hoc|iPhone
		{EDCF503F-2C08-4F8F-B251-CE23D513893F}.Ad-Hoc|iPhoneSimulator.ActiveCfg = Ad-Hoc|iPhoneSimulator
		{EDCF503F-2C08-4F8F-B251-CE23D513893F}.Ad-Hoc|iPhoneSimulator.Build.0 = Ad-Hoc|iPhoneSimulator
		{EDCF503F-2C08-4F8F-B251-CE23D513893F}.Ad-Hoc|x64.ActiveCfg = Ad-Hoc|iPhone
		{EDCF503F-2C08-4F8F-B251-CE23D513893F}.Ad-Hoc|x86.ActiveCfg = Ad-Hoc|iPhone
		{EDCF503F-2C08-4F8F-B251-CE23D513893F}.AppStore|Any CPU.ActiveCfg = AppStore|iPhone
		{EDCF503F-2C08-4F8F-B251-CE23D513893F}.AppStore|ARM.ActiveCfg = AppStore|iPhone
		{EDCF503F-2C08-4F8F-B251-CE23D513893F}.AppStore|iPhone.ActiveCfg = AppStore|iPhone
		{EDCF503F-2C08-4F8F-B251-CE23D513893F}.AppStore|iPhone.Build.0 = AppStore|iPhone
		{EDCF503F-2C08-4F8F-B251-CE23D513893F}.AppStore|iPhoneSimulator.ActiveCfg = AppStore|iPhoneSimulator
		{EDCF503F-2C08-4F8F-B251-CE23D513893F}.AppStore|iPhoneSimulator.Build.0 = AppStore|iPhoneSimulator
		{EDCF503F-2C08-4F8F-B251-CE23D513893F}.AppStore|x64.ActiveCfg = AppStore|iPhone
		{EDCF503F-2C08-4F8F-B251-CE23D513893F}.AppStore|x86.ActiveCfg = AppStore|iPhone
		{EDCF503F-2C08-4F8F-B251-CE23D513893F}.Debug|Any CPU.ActiveCfg = Debug|iPhone
		{EDCF503F-2C08-4F8F-B251-CE23D513893F}.Debug|ARM.ActiveCfg = Debug|iPhone
		{EDCF503F-2C08-4F8F-B251-CE23D513893F}.Debug|iPhone.ActiveCfg = Debug|iPhone
		{EDCF503F-2C08-4F8F-B251-CE23D513893F}.Debug|iPhone.Build.0 = Debug|iPhone
		{EDCF503F-2C08-4F8F-B251-CE23D513893F}.Debug|iPhoneSimulator.ActiveCfg = Debug|iPhoneSimulator
		{EDCF503F-2C08-4F8F-B251-CE23D513893F}.Debug|iPhoneSimulator.Build.0 = Debug|iPhoneSimulator
		{EDCF503F-2C08-4F8F-B251-CE23D513893F}.Debug|x64.ActiveCfg = Debug|iPhone
		{EDCF503F-2C08-4F8F-B251-CE23D513893F}.Debug|x86.ActiveCfg = Debug|iPhone
		{EDCF503F-2C08-4F8F-B251-CE23D513893F}.Release|Any CPU.ActiveCfg = Release|iPhone
		{EDCF503F-2C08-4F8F-B251-CE23D513893F}.Release|ARM.ActiveCfg = Release|iPhone
		{EDCF503F-2C08-4F8F-B251-CE23D513893F}.Release|iPhone.ActiveCfg = Release|iPhone
		{EDCF503F-2C08-4F8F-B251-CE23D513893F}.Release|iPhone.Build.0 = Release|iPhone
		{EDCF503F-2C08-4F8F-B251-CE23D513893F}.Release|iPhoneSimulator.ActiveCfg = Release|iPhoneSimulator
		{EDCF503F-2C08-4F8F-B251-CE23D513893F}.Release|iPhoneSimulator.Build.0 = Release|iPhoneSimulator
		{EDCF503F-2C08-4F8F-B251-CE23D513893F}.Release|x64.ActiveCfg = Release|iPhone
		{EDCF503F-2C08-4F8F-B251-CE23D513893F}.Release|x86.ActiveCfg = Release|iPhone
		{180C0707-531A-467C-A14C-9D49BAC09CD3}.Ad-Hoc|Any CPU.ActiveCfg = Release|Any CPU
		{180C0707-531A-467C-A14C-9D49BAC09CD3}.Ad-Hoc|Any CPU.Build.0 = Release|Any CPU
		{180C0707-531A-467C-A14C-9D49BAC09CD3}.Ad-Hoc|Any CPU.Deploy.0 = Release|Any CPU
		{180C0707-531A-467C-A14C-9D49BAC09CD3}.Ad-Hoc|ARM.ActiveCfg = Release|Any CPU
		{180C0707-531A-467C-A14C-9D49BAC09CD3}.Ad-Hoc|ARM.Build.0 = Release|Any CPU
		{180C0707-531A-467C-A14C-9D49BAC09CD3}.Ad-Hoc|ARM.Deploy.0 = Release|Any CPU
		{180C0707-531A-467C-A14C-9D49BAC09CD3}.Ad-Hoc|iPhone.ActiveCfg = Release|Any CPU
		{180C0707-531A-467C-A14C-9D49BAC09CD3}.Ad-Hoc|iPhone.Build.0 = Release|Any CPU
		{180C0707-531A-467C-A14C-9D49BAC09CD3}.Ad-Hoc|iPhone.Deploy.0 = Release|Any CPU
		{180C0707-531A-467C-A14C-9D49BAC09CD3}.Ad-Hoc|iPhoneSimulator.ActiveCfg = Release|Any CPU
		{180C0707-531A-467C-A14C-9D49BAC09CD3}.Ad-Hoc|iPhoneSimulator.Build.0 = Release|Any CPU
		{180C0707-531A-467C-A14C-9D49BAC09CD3}.Ad-Hoc|iPhoneSimulator.Deploy.0 = Release|Any CPU
		{180C0707-531A-467C-A14C-9D49BAC09CD3}.Ad-Hoc|x64.ActiveCfg = Release|Any CPU
		{180C0707-531A-467C-A14C-9D49BAC09CD3}.Ad-Hoc|x64.Build.0 = Release|Any CPU
		{180C0707-531A-467C-A14C-9D49BAC09CD3}.Ad-Hoc|x64.Deploy.0 = Release|Any CPU
		{180C0707-531A-467C-A14C-9D49BAC09CD3}.Ad-Hoc|x86.ActiveCfg = Release|Any CPU
		{180C0707-531A-467C-A14C-9D49BAC09CD3}.Ad-Hoc|x86.Build.0 = Release|Any CPU
		{180C0707-531A-467C-A14C-9D49BAC09CD3}.Ad-Hoc|x86.Deploy.0 = Release|Any CPU
		{180C0707-531A-467C-A14C-9D49BAC09CD3}.AppStore|Any CPU.ActiveCfg = Release|Any CPU
		{180C0707-531A-467C-A14C-9D49BAC09CD3}.AppStore|Any CPU.Build.0 = Release|Any CPU
		{180C0707-531A-467C-A14C-9D49BAC09CD3}.AppStore|Any CPU.Deploy.0 = Release|Any CPU
		{180C0707-531A-467C-A14C-9D49BAC09CD3}.AppStore|ARM.ActiveCfg = Release|Any CPU
		{180C0707-531A-467C-A14C-9D49BAC09CD3}.AppStore|ARM.Build.0 = Release|Any CPU
		{180C0707-531A-467C-A14C-9D49BAC09CD3}.AppStore|ARM.Deploy.0 = Release|Any CPU
		{180C0707-531A-467C-A14C-9D49BAC09CD3}.AppStore|iPhone.ActiveCfg = Release|Any CPU
		{180C0707-531A-467C-A14C-9D49BAC09CD3}.AppStore|iPhone.Build.0 = Release|Any CPU
		{180C0707-531A-467C-A14C-9D49BAC09CD3}.AppStore|iPhone.Deploy.0 = Release|Any CPU
		{180C0707-531A-467C-A14C-9D49BAC09CD3}.AppStore|iPhoneSimulator.ActiveCfg = Release|Any CPU
		{180C0707-531A-467C-A14C-9D49BAC09CD3}.AppStore|iPhoneSimulator.Build.0 = Release|Any CPU
		{180C0707-531A-467C-A14C-9D49BAC09CD3}.AppStore|iPhoneSimulator.Deploy.0 = Release|Any CPU
		{180C0707-531A-467C-A14C-9D49BAC09CD3}.AppStore|x64.ActiveCfg = Release|Any CPU
		{180C0707-531A-467C-A14C-9D49BAC09CD3}.AppStore|x64.Build.0 = Release|Any CPU
		{180C0707-531A-467C-A14C-9D49BAC09CD3}.AppStore|x64.Deploy.0 = Release|Any CPU
		{180C0707-531A-467C-A14C-9D49BAC09CD3}.AppStore|x86.ActiveCfg = Release|Any CPU
		{180C0707-531A-467C-A14C-9D49BAC09CD3}.AppStore|x86.Build.0 = Release|Any CPU
		{180C0707-531A-467C-A14C-9D49BAC09CD3}.AppStore|x86.Deploy.0 = Release|Any CPU
		{180C0707-531A-467C-A14C-9D49BAC09CD3}.Debug|Any CPU.ActiveCfg = Debug|Any CPU
		{180C0707-531A-467C-A14C-9D49BAC09CD3}.Debug|Any CPU.Build.0 = Debug|Any CPU
		{180C0707-531A-467C-A14C-9D49BAC09CD3}.Debug|Any CPU.Deploy.0 = Debug|Any CPU
		{180C0707-531A-467C-A14C-9D49BAC09CD3}.Debug|ARM.ActiveCfg = Debug|Any CPU
		{180C0707-531A-467C-A14C-9D49BAC09CD3}.Debug|ARM.Build.0 = Debug|Any CPU
		{180C0707-531A-467C-A14C-9D49BAC09CD3}.Debug|ARM.Deploy.0 = Debug|Any CPU
		{180C0707-531A-467C-A14C-9D49BAC09CD3}.Debug|iPhone.ActiveCfg = Debug|Any CPU
		{180C0707-531A-467C-A14C-9D49BAC09CD3}.Debug|iPhone.Build.0 = Debug|Any CPU
		{180C0707-531A-467C-A14C-9D49BAC09CD3}.Debug|iPhone.Deploy.0 = Debug|Any CPU
		{180C0707-531A-467C-A14C-9D49BAC09CD3}.Debug|iPhoneSimulator.ActiveCfg = Debug|Any CPU
		{180C0707-531A-467C-A14C-9D49BAC09CD3}.Debug|iPhoneSimulator.Build.0 = Debug|Any CPU
		{180C0707-531A-467C-A14C-9D49BAC09CD3}.Debug|iPhoneSimulator.Deploy.0 = Debug|Any CPU
		{180C0707-531A-467C-A14C-9D49BAC09CD3}.Debug|x64.ActiveCfg = Debug|Any CPU
		{180C0707-531A-467C-A14C-9D49BAC09CD3}.Debug|x64.Build.0 = Debug|Any CPU
		{180C0707-531A-467C-A14C-9D49BAC09CD3}.Debug|x64.Deploy.0 = Debug|Any CPU
		{180C0707-531A-467C-A14C-9D49BAC09CD3}.Debug|x86.ActiveCfg = Debug|Any CPU
		{180C0707-531A-467C-A14C-9D49BAC09CD3}.Debug|x86.Build.0 = Debug|Any CPU
		{180C0707-531A-467C-A14C-9D49BAC09CD3}.Debug|x86.Deploy.0 = Debug|Any CPU
		{180C0707-531A-467C-A14C-9D49BAC09CD3}.Release|Any CPU.ActiveCfg = Release|Any CPU
		{180C0707-531A-467C-A14C-9D49BAC09CD3}.Release|Any CPU.Build.0 = Release|Any CPU
		{180C0707-531A-467C-A14C-9D49BAC09CD3}.Release|Any CPU.Deploy.0 = Release|Any CPU
		{180C0707-531A-467C-A14C-9D49BAC09CD3}.Release|ARM.ActiveCfg = Release|Any CPU
		{180C0707-531A-467C-A14C-9D49BAC09CD3}.Release|ARM.Build.0 = Release|Any CPU
		{180C0707-531A-467C-A14C-9D49BAC09CD3}.Release|ARM.Deploy.0 = Release|Any CPU
		{180C0707-531A-467C-A14C-9D49BAC09CD3}.Release|iPhone.ActiveCfg = Release|Any CPU
		{180C0707-531A-467C-A14C-9D49BAC09CD3}.Release|iPhone.Build.0 = Release|Any CPU
		{180C0707-531A-467C-A14C-9D49BAC09CD3}.Release|iPhone.Deploy.0 = Release|Any CPU
		{180C0707-531A-467C-A14C-9D49BAC09CD3}.Release|iPhoneSimulator.ActiveCfg = Release|Any CPU
		{180C0707-531A-467C-A14C-9D49BAC09CD3}.Release|iPhoneSimulator.Build.0 = Release|Any CPU
		{180C0707-531A-467C-A14C-9D49BAC09CD3}.Release|iPhoneSimulator.Deploy.0 = Release|Any CPU
		{180C0707-531A-467C-A14C-9D49BAC09CD3}.Release|x64.ActiveCfg = Release|Any CPU
		{180C0707-531A-467C-A14C-9D49BAC09CD3}.Release|x64.Build.0 = Release|Any CPU
		{180C0707-531A-467C-A14C-9D49BAC09CD3}.Release|x64.Deploy.0 = Release|Any CPU
		{180C0707-531A-467C-A14C-9D49BAC09CD3}.Release|x86.ActiveCfg = Release|Any CPU
		{180C0707-531A-467C-A14C-9D49BAC09CD3}.Release|x86.Build.0 = Release|Any CPU
		{180C0707-531A-467C-A14C-9D49BAC09CD3}.Release|x86.Deploy.0 = Release|Any CPU
		{56B24492-D883-4592-9D27-B4363F1E250B}.Ad-Hoc|Any CPU.ActiveCfg = Release|Any CPU
		{56B24492-D883-4592-9D27-B4363F1E250B}.Ad-Hoc|Any CPU.Build.0 = Release|Any CPU
		{56B24492-D883-4592-9D27-B4363F1E250B}.Ad-Hoc|Any CPU.Deploy.0 = Release|Any CPU
		{56B24492-D883-4592-9D27-B4363F1E250B}.Ad-Hoc|ARM.ActiveCfg = Release|ARM
		{56B24492-D883-4592-9D27-B4363F1E250B}.Ad-Hoc|ARM.Build.0 = Release|ARM
		{56B24492-D883-4592-9D27-B4363F1E250B}.Ad-Hoc|ARM.Deploy.0 = Release|ARM
		{56B24492-D883-4592-9D27-B4363F1E250B}.Ad-Hoc|iPhone.ActiveCfg = Release|Any CPU
		{56B24492-D883-4592-9D27-B4363F1E250B}.Ad-Hoc|iPhone.Build.0 = Release|Any CPU
		{56B24492-D883-4592-9D27-B4363F1E250B}.Ad-Hoc|iPhone.Deploy.0 = Release|Any CPU
		{56B24492-D883-4592-9D27-B4363F1E250B}.Ad-Hoc|iPhoneSimulator.ActiveCfg = Release|Any CPU
		{56B24492-D883-4592-9D27-B4363F1E250B}.Ad-Hoc|iPhoneSimulator.Build.0 = Release|Any CPU
		{56B24492-D883-4592-9D27-B4363F1E250B}.Ad-Hoc|iPhoneSimulator.Deploy.0 = Release|Any CPU
		{56B24492-D883-4592-9D27-B4363F1E250B}.Ad-Hoc|x64.ActiveCfg = Release|Any CPU
		{56B24492-D883-4592-9D27-B4363F1E250B}.Ad-Hoc|x64.Build.0 = Release|Any CPU
		{56B24492-D883-4592-9D27-B4363F1E250B}.Ad-Hoc|x64.Deploy.0 = Release|Any CPU
		{56B24492-D883-4592-9D27-B4363F1E250B}.Ad-Hoc|x86.ActiveCfg = Release|x86
		{56B24492-D883-4592-9D27-B4363F1E250B}.Ad-Hoc|x86.Build.0 = Release|x86
		{56B24492-D883-4592-9D27-B4363F1E250B}.Ad-Hoc|x86.Deploy.0 = Release|x86
		{56B24492-D883-4592-9D27-B4363F1E250B}.AppStore|Any CPU.ActiveCfg = Release|Any CPU
		{56B24492-D883-4592-9D27-B4363F1E250B}.AppStore|Any CPU.Build.0 = Release|Any CPU
		{56B24492-D883-4592-9D27-B4363F1E250B}.AppStore|Any CPU.Deploy.0 = Release|Any CPU
		{56B24492-D883-4592-9D27-B4363F1E250B}.AppStore|ARM.ActiveCfg = Release|ARM
		{56B24492-D883-4592-9D27-B4363F1E250B}.AppStore|ARM.Build.0 = Release|ARM
		{56B24492-D883-4592-9D27-B4363F1E250B}.AppStore|ARM.Deploy.0 = Release|ARM
		{56B24492-D883-4592-9D27-B4363F1E250B}.AppStore|iPhone.ActiveCfg = Release|Any CPU
		{56B24492-D883-4592-9D27-B4363F1E250B}.AppStore|iPhone.Build.0 = Release|Any CPU
		{56B24492-D883-4592-9D27-B4363F1E250B}.AppStore|iPhone.Deploy.0 = Release|Any CPU
		{56B24492-D883-4592-9D27-B4363F1E250B}.AppStore|iPhoneSimulator.ActiveCfg = Release|Any CPU
		{56B24492-D883-4592-9D27-B4363F1E250B}.AppStore|iPhoneSimulator.Build.0 = Release|Any CPU
		{56B24492-D883-4592-9D27-B4363F1E250B}.AppStore|iPhoneSimulator.Deploy.0 = Release|Any CPU
		{56B24492-D883-4592-9D27-B4363F1E250B}.AppStore|x64.ActiveCfg = Release|Any CPU
		{56B24492-D883-4592-9D27-B4363F1E250B}.AppStore|x64.Build.0 = Release|Any CPU
		{56B24492-D883-4592-9D27-B4363F1E250B}.AppStore|x64.Deploy.0 = Release|Any CPU
		{56B24492-D883-4592-9D27-B4363F1E250B}.AppStore|x86.ActiveCfg = Release|x86
		{56B24492-D883-4592-9D27-B4363F1E250B}.AppStore|x86.Build.0 = Release|x86
		{56B24492-D883-4592-9D27-B4363F1E250B}.AppStore|x86.Deploy.0 = Release|x86
		{56B24492-D883-4592-9D27-B4363F1E250B}.Debug|Any CPU.ActiveCfg = Debug|Any CPU
		{56B24492-D883-4592-9D27-B4363F1E250B}.Debug|Any CPU.Build.0 = Debug|Any CPU
		{56B24492-D883-4592-9D27-B4363F1E250B}.Debug|Any CPU.Deploy.0 = Debug|Any CPU
		{56B24492-D883-4592-9D27-B4363F1E250B}.Debug|ARM.ActiveCfg = Debug|ARM
		{56B24492-D883-4592-9D27-B4363F1E250B}.Debug|ARM.Build.0 = Debug|ARM
		{56B24492-D883-4592-9D27-B4363F1E250B}.Debug|ARM.Deploy.0 = Debug|ARM
		{56B24492-D883-4592-9D27-B4363F1E250B}.Debug|iPhone.ActiveCfg = Debug|Any CPU
		{56B24492-D883-4592-9D27-B4363F1E250B}.Debug|iPhone.Build.0 = Debug|Any CPU
		{56B24492-D883-4592-9D27-B4363F1E250B}.Debug|iPhone.Deploy.0 = Debug|Any CPU
		{56B24492-D883-4592-9D27-B4363F1E250B}.Debug|iPhoneSimulator.ActiveCfg = Debug|Any CPU
		{56B24492-D883-4592-9D27-B4363F1E250B}.Debug|iPhoneSimulator.Build.0 = Debug|Any CPU
		{56B24492-D883-4592-9D27-B4363F1E250B}.Debug|iPhoneSimulator.Deploy.0 = Debug|Any CPU
		{56B24492-D883-4592-9D27-B4363F1E250B}.Debug|x64.ActiveCfg = Debug|Any CPU
		{56B24492-D883-4592-9D27-B4363F1E250B}.Debug|x64.Build.0 = Debug|Any CPU
		{56B24492-D883-4592-9D27-B4363F1E250B}.Debug|x64.Deploy.0 = Debug|Any CPU
		{56B24492-D883-4592-9D27-B4363F1E250B}.Debug|x86.ActiveCfg = Debug|x86
		{56B24492-D883-4592-9D27-B4363F1E250B}.Debug|x86.Build.0 = Debug|x86
		{56B24492-D883-4592-9D27-B4363F1E250B}.Debug|x86.Deploy.0 = Debug|x86
		{56B24492-D883-4592-9D27-B4363F1E250B}.Release|Any CPU.ActiveCfg = Release|Any CPU
		{56B24492-D883-4592-9D27-B4363F1E250B}.Release|Any CPU.Build.0 = Release|Any CPU
		{56B24492-D883-4592-9D27-B4363F1E250B}.Release|Any CPU.Deploy.0 = Release|Any CPU
		{56B24492-D883-4592-9D27-B4363F1E250B}.Release|ARM.ActiveCfg = Release|ARM
		{56B24492-D883-4592-9D27-B4363F1E250B}.Release|ARM.Build.0 = Release|ARM
		{56B24492-D883-4592-9D27-B4363F1E250B}.Release|ARM.Deploy.0 = Release|ARM
		{56B24492-D883-4592-9D27-B4363F1E250B}.Release|iPhone.ActiveCfg = Release|Any CPU
		{56B24492-D883-4592-9D27-B4363F1E250B}.Release|iPhone.Build.0 = Release|Any CPU
		{56B24492-D883-4592-9D27-B4363F1E250B}.Release|iPhone.Deploy.0 = Release|Any CPU
		{56B24492-D883-4592-9D27-B4363F1E250B}.Release|iPhoneSimulator.ActiveCfg = Release|Any CPU
		{56B24492-D883-4592-9D27-B4363F1E250B}.Release|iPhoneSimulator.Build.0 = Release|Any CPU
		{56B24492-D883-4592-9D27-B4363F1E250B}.Release|iPhoneSimulator.Deploy.0 = Release|Any CPU
		{56B24492-D883-4592-9D27-B4363F1E250B}.Release|x64.ActiveCfg = Release|Any CPU
		{56B24492-D883-4592-9D27-B4363F1E250B}.Release|x64.Build.0 = Release|Any CPU
		{56B24492-D883-4592-9D27-B4363F1E250B}.Release|x64.Deploy.0 = Release|Any CPU
		{56B24492-D883-4592-9D27-B4363F1E250B}.Release|x86.ActiveCfg = Release|x86
		{56B24492-D883-4592-9D27-B4363F1E250B}.Release|x86.Build.0 = Release|x86
		{56B24492-D883-4592-9D27-B4363F1E250B}.Release|x86.Deploy.0 = Release|x86
		{D8AC967E-1B7A-472A-A4B2-7DB081837390}.Ad-Hoc|Any CPU.ActiveCfg = Release|Any CPU
		{D8AC967E-1B7A-472A-A4B2-7DB081837390}.Ad-Hoc|Any CPU.Build.0 = Release|Any CPU
		{D8AC967E-1B7A-472A-A4B2-7DB081837390}.Ad-Hoc|ARM.ActiveCfg = Release|Any CPU
		{D8AC967E-1B7A-472A-A4B2-7DB081837390}.Ad-Hoc|ARM.Build.0 = Release|Any CPU
		{D8AC967E-1B7A-472A-A4B2-7DB081837390}.Ad-Hoc|iPhone.ActiveCfg = Release|Any CPU
		{D8AC967E-1B7A-472A-A4B2-7DB081837390}.Ad-Hoc|iPhone.Build.0 = Release|Any CPU
		{D8AC967E-1B7A-472A-A4B2-7DB081837390}.Ad-Hoc|iPhoneSimulator.ActiveCfg = Release|Any CPU
		{D8AC967E-1B7A-472A-A4B2-7DB081837390}.Ad-Hoc|iPhoneSimulator.Build.0 = Release|Any CPU
		{D8AC967E-1B7A-472A-A4B2-7DB081837390}.Ad-Hoc|x64.ActiveCfg = Release|Any CPU
		{D8AC967E-1B7A-472A-A4B2-7DB081837390}.Ad-Hoc|x64.Build.0 = Release|Any CPU
		{D8AC967E-1B7A-472A-A4B2-7DB081837390}.Ad-Hoc|x86.ActiveCfg = Release|Any CPU
		{D8AC967E-1B7A-472A-A4B2-7DB081837390}.Ad-Hoc|x86.Build.0 = Release|Any CPU
		{D8AC967E-1B7A-472A-A4B2-7DB081837390}.AppStore|Any CPU.ActiveCfg = Release|Any CPU
		{D8AC967E-1B7A-472A-A4B2-7DB081837390}.AppStore|Any CPU.Build.0 = Release|Any CPU
		{D8AC967E-1B7A-472A-A4B2-7DB081837390}.AppStore|ARM.ActiveCfg = Release|Any CPU
		{D8AC967E-1B7A-472A-A4B2-7DB081837390}.AppStore|ARM.Build.0 = Release|Any CPU
		{D8AC967E-1B7A-472A-A4B2-7DB081837390}.AppStore|iPhone.ActiveCfg = Release|Any CPU
		{D8AC967E-1B7A-472A-A4B2-7DB081837390}.AppStore|iPhone.Build.0 = Release|Any CPU
		{D8AC967E-1B7A-472A-A4B2-7DB081837390}.AppStore|iPhoneSimulator.ActiveCfg = Release|Any CPU
		{D8AC967E-1B7A-472A-A4B2-7DB081837390}.AppStore|iPhoneSimulator.Build.0 = Release|Any CPU
		{D8AC967E-1B7A-472A-A4B2-7DB081837390}.AppStore|x64.ActiveCfg = Release|Any CPU
		{D8AC967E-1B7A-472A-A4B2-7DB081837390}.AppStore|x64.Build.0 = Release|Any CPU
		{D8AC967E-1B7A-472A-A4B2-7DB081837390}.AppStore|x86.ActiveCfg = Release|Any CPU
		{D8AC967E-1B7A-472A-A4B2-7DB081837390}.AppStore|x86.Build.0 = Release|Any CPU
		{D8AC967E-1B7A-472A-A4B2-7DB081837390}.Debug|Any CPU.ActiveCfg = Debug|Any CPU
		{D8AC967E-1B7A-472A-A4B2-7DB081837390}.Debug|Any CPU.Build.0 = Debug|Any CPU
		{D8AC967E-1B7A-472A-A4B2-7DB081837390}.Debug|ARM.ActiveCfg = Debug|Any CPU
		{D8AC967E-1B7A-472A-A4B2-7DB081837390}.Debug|ARM.Build.0 = Debug|Any CPU
		{D8AC967E-1B7A-472A-A4B2-7DB081837390}.Debug|iPhone.ActiveCfg = Debug|Any CPU
		{D8AC967E-1B7A-472A-A4B2-7DB081837390}.Debug|iPhone.Build.0 = Debug|Any CPU
		{D8AC967E-1B7A-472A-A4B2-7DB081837390}.Debug|iPhoneSimulator.ActiveCfg = Debug|Any CPU
		{D8AC967E-1B7A-472A-A4B2-7DB081837390}.Debug|iPhoneSimulator.Build.0 = Debug|Any CPU
		{D8AC967E-1B7A-472A-A4B2-7DB081837390}.Debug|x64.ActiveCfg = Debug|Any CPU
		{D8AC967E-1B7A-472A-A4B2-7DB081837390}.Debug|x64.Build.0 = Debug|Any CPU
		{D8AC967E-1B7A-472A-A4B2-7DB081837390}.Debug|x86.ActiveCfg = Debug|Any CPU
		{D8AC967E-1B7A-472A-A4B2-7DB081837390}.Debug|x86.Build.0 = Debug|Any CPU
		{D8AC967E-1B7A-472A-A4B2-7DB081837390}.Release|Any CPU.ActiveCfg = Release|Any CPU
		{D8AC967E-1B7A-472A-A4B2-7DB081837390}.Release|Any CPU.Build.0 = Release|Any CPU
		{D8AC967E-1B7A-472A-A4B2-7DB081837390}.Release|ARM.ActiveCfg = Release|Any CPU
		{D8AC967E-1B7A-472A-A4B2-7DB081837390}.Release|ARM.Build.0 = Release|Any CPU
		{D8AC967E-1B7A-472A-A4B2-7DB081837390}.Release|iPhone.ActiveCfg = Release|Any CPU
		{D8AC967E-1B7A-472A-A4B2-7DB081837390}.Release|iPhone.Build.0 = Release|Any CPU
		{D8AC967E-1B7A-472A-A4B2-7DB081837390}.Release|iPhoneSimulator.ActiveCfg = Release|Any CPU
		{D8AC967E-1B7A-472A-A4B2-7DB081837390}.Release|iPhoneSimulator.Build.0 = Release|Any CPU
		{D8AC967E-1B7A-472A-A4B2-7DB081837390}.Release|x64.ActiveCfg = Release|Any CPU
		{D8AC967E-1B7A-472A-A4B2-7DB081837390}.Release|x64.Build.0 = Release|Any CPU
		{D8AC967E-1B7A-472A-A4B2-7DB081837390}.Release|x86.ActiveCfg = Release|Any CPU
		{D8AC967E-1B7A-472A-A4B2-7DB081837390}.Release|x86.Build.0 = Release|Any CPU
		{990D3AC5-32AE-4C37-9188-B313EC88D263}.Ad-Hoc|Any CPU.ActiveCfg = Release|Any CPU
		{990D3AC5-32AE-4C37-9188-B313EC88D263}.Ad-Hoc|Any CPU.Build.0 = Release|Any CPU
		{990D3AC5-32AE-4C37-9188-B313EC88D263}.Ad-Hoc|ARM.ActiveCfg = Release|Any CPU
		{990D3AC5-32AE-4C37-9188-B313EC88D263}.Ad-Hoc|ARM.Build.0 = Release|Any CPU
		{990D3AC5-32AE-4C37-9188-B313EC88D263}.Ad-Hoc|iPhone.ActiveCfg = Release|Any CPU
		{990D3AC5-32AE-4C37-9188-B313EC88D263}.Ad-Hoc|iPhone.Build.0 = Release|Any CPU
		{990D3AC5-32AE-4C37-9188-B313EC88D263}.Ad-Hoc|iPhoneSimulator.ActiveCfg = Release|Any CPU
		{990D3AC5-32AE-4C37-9188-B313EC88D263}.Ad-Hoc|iPhoneSimulator.Build.0 = Release|Any CPU
		{990D3AC5-32AE-4C37-9188-B313EC88D263}.Ad-Hoc|x64.ActiveCfg = Release|Any CPU
		{990D3AC5-32AE-4C37-9188-B313EC88D263}.Ad-Hoc|x64.Build.0 = Release|Any CPU
		{990D3AC5-32AE-4C37-9188-B313EC88D263}.Ad-Hoc|x86.ActiveCfg = Release|Any CPU
		{990D3AC5-32AE-4C37-9188-B313EC88D263}.Ad-Hoc|x86.Build.0 = Release|Any CPU
		{990D3AC5-32AE-4C37-9188-B313EC88D263}.AppStore|Any CPU.ActiveCfg = Release|Any CPU
		{990D3AC5-32AE-4C37-9188-B313EC88D263}.AppStore|Any CPU.Build.0 = Release|Any CPU
		{990D3AC5-32AE-4C37-9188-B313EC88D263}.AppStore|ARM.ActiveCfg = Release|Any CPU
		{990D3AC5-32AE-4C37-9188-B313EC88D263}.AppStore|ARM.Build.0 = Release|Any CPU
		{990D3AC5-32AE-4C37-9188-B313EC88D263}.AppStore|iPhone.ActiveCfg = Release|Any CPU
		{990D3AC5-32AE-4C37-9188-B313EC88D263}.AppStore|iPhone.Build.0 = Release|Any CPU
		{990D3AC5-32AE-4C37-9188-B313EC88D263}.AppStore|iPhoneSimulator.ActiveCfg = Release|Any CPU
		{990D3AC5-32AE-4C37-9188-B313EC88D263}.AppStore|iPhoneSimulator.Build.0 = Release|Any CPU
		{990D3AC5-32AE-4C37-9188-B313EC88D263}.AppStore|x64.ActiveCfg = Release|Any CPU
		{990D3AC5-32AE-4C37-9188-B313EC88D263}.AppStore|x64.Build.0 = Release|Any CPU
		{990D3AC5-32AE-4C37-9188-B313EC88D263}.AppStore|x86.ActiveCfg = Release|Any CPU
		{990D3AC5-32AE-4C37-9188-B313EC88D263}.AppStore|x86.Build.0 = Release|Any CPU
		{990D3AC5-32AE-4C37-9188-B313EC88D263}.Debug|Any CPU.ActiveCfg = Debug|Any CPU
		{990D3AC5-32AE-4C37-9188-B313EC88D263}.Debug|Any CPU.Build.0 = Debug|Any CPU
		{990D3AC5-32AE-4C37-9188-B313EC88D263}.Debug|ARM.ActiveCfg = Debug|Any CPU
		{990D3AC5-32AE-4C37-9188-B313EC88D263}.Debug|ARM.Build.0 = Debug|Any CPU
		{990D3AC5-32AE-4C37-9188-B313EC88D263}.Debug|iPhone.ActiveCfg = Debug|Any CPU
		{990D3AC5-32AE-4C37-9188-B313EC88D263}.Debug|iPhone.Build.0 = Debug|Any CPU
		{990D3AC5-32AE-4C37-9188-B313EC88D263}.Debug|iPhoneSimulator.ActiveCfg = Debug|Any CPU
		{990D3AC5-32AE-4C37-9188-B313EC88D263}.Debug|iPhoneSimulator.Build.0 = Debug|Any CPU
		{990D3AC5-32AE-4C37-9188-B313EC88D263}.Debug|x64.ActiveCfg = Debug|Any CPU
		{990D3AC5-32AE-4C37-9188-B313EC88D263}.Debug|x64.Build.0 = Debug|Any CPU
		{990D3AC5-32AE-4C37-9188-B313EC88D263}.Debug|x86.ActiveCfg = Debug|Any CPU
		{990D3AC5-32AE-4C37-9188-B313EC88D263}.Debug|x86.Build.0 = Debug|Any CPU
		{990D3AC5-32AE-4C37-9188-B313EC88D263}.Release|Any CPU.ActiveCfg = Release|Any CPU
		{990D3AC5-32AE-4C37-9188-B313EC88D263}.Release|Any CPU.Build.0 = Release|Any CPU
		{990D3AC5-32AE-4C37-9188-B313EC88D263}.Release|ARM.ActiveCfg = Release|Any CPU
		{990D3AC5-32AE-4C37-9188-B313EC88D263}.Release|ARM.Build.0 = Release|Any CPU
		{990D3AC5-32AE-4C37-9188-B313EC88D263}.Release|iPhone.ActiveCfg = Release|Any CPU
		{990D3AC5-32AE-4C37-9188-B313EC88D263}.Release|iPhone.Build.0 = Release|Any CPU
		{990D3AC5-32AE-4C37-9188-B313EC88D263}.Release|iPhoneSimulator.ActiveCfg = Release|Any CPU
		{990D3AC5-32AE-4C37-9188-B313EC88D263}.Release|iPhoneSimulator.Build.0 = Release|Any CPU
		{990D3AC5-32AE-4C37-9188-B313EC88D263}.Release|x64.ActiveCfg = Release|Any CPU
		{990D3AC5-32AE-4C37-9188-B313EC88D263}.Release|x64.Build.0 = Release|Any CPU
		{990D3AC5-32AE-4C37-9188-B313EC88D263}.Release|x86.ActiveCfg = Release|Any CPU
		{990D3AC5-32AE-4C37-9188-B313EC88D263}.Release|x86.Build.0 = Release|Any CPU
		{E422047B-69F2-420F-A7BC-B31F726E8E88}.Ad-Hoc|Any CPU.ActiveCfg = Release|Any CPU
		{E422047B-69F2-420F-A7BC-B31F726E8E88}.Ad-Hoc|Any CPU.Build.0 = Release|Any CPU
		{E422047B-69F2-420F-A7BC-B31F726E8E88}.Ad-Hoc|Any CPU.Deploy.0 = Release|Any CPU
		{E422047B-69F2-420F-A7BC-B31F726E8E88}.Ad-Hoc|ARM.ActiveCfg = Release|Any CPU
		{E422047B-69F2-420F-A7BC-B31F726E8E88}.Ad-Hoc|ARM.Build.0 = Release|Any CPU
		{E422047B-69F2-420F-A7BC-B31F726E8E88}.Ad-Hoc|ARM.Deploy.0 = Release|Any CPU
		{E422047B-69F2-420F-A7BC-B31F726E8E88}.Ad-Hoc|iPhone.ActiveCfg = Release|Any CPU
		{E422047B-69F2-420F-A7BC-B31F726E8E88}.Ad-Hoc|iPhone.Build.0 = Release|Any CPU
		{E422047B-69F2-420F-A7BC-B31F726E8E88}.Ad-Hoc|iPhone.Deploy.0 = Release|Any CPU
		{E422047B-69F2-420F-A7BC-B31F726E8E88}.Ad-Hoc|iPhoneSimulator.ActiveCfg = Release|Any CPU
		{E422047B-69F2-420F-A7BC-B31F726E8E88}.Ad-Hoc|iPhoneSimulator.Build.0 = Release|Any CPU
		{E422047B-69F2-420F-A7BC-B31F726E8E88}.Ad-Hoc|iPhoneSimulator.Deploy.0 = Release|Any CPU
		{E422047B-69F2-420F-A7BC-B31F726E8E88}.Ad-Hoc|x64.ActiveCfg = Release|Any CPU
		{E422047B-69F2-420F-A7BC-B31F726E8E88}.Ad-Hoc|x64.Build.0 = Release|Any CPU
		{E422047B-69F2-420F-A7BC-B31F726E8E88}.Ad-Hoc|x64.Deploy.0 = Release|Any CPU
		{E422047B-69F2-420F-A7BC-B31F726E8E88}.Ad-Hoc|x86.ActiveCfg = Release|Any CPU
		{E422047B-69F2-420F-A7BC-B31F726E8E88}.Ad-Hoc|x86.Build.0 = Release|Any CPU
		{E422047B-69F2-420F-A7BC-B31F726E8E88}.Ad-Hoc|x86.Deploy.0 = Release|Any CPU
		{E422047B-69F2-420F-A7BC-B31F726E8E88}.AppStore|Any CPU.ActiveCfg = Release|Any CPU
		{E422047B-69F2-420F-A7BC-B31F726E8E88}.AppStore|Any CPU.Build.0 = Release|Any CPU
		{E422047B-69F2-420F-A7BC-B31F726E8E88}.AppStore|Any CPU.Deploy.0 = Release|Any CPU
		{E422047B-69F2-420F-A7BC-B31F726E8E88}.AppStore|ARM.ActiveCfg = Release|Any CPU
		{E422047B-69F2-420F-A7BC-B31F726E8E88}.AppStore|ARM.Build.0 = Release|Any CPU
		{E422047B-69F2-420F-A7BC-B31F726E8E88}.AppStore|ARM.Deploy.0 = Release|Any CPU
		{E422047B-69F2-420F-A7BC-B31F726E8E88}.AppStore|iPhone.ActiveCfg = Release|Any CPU
		{E422047B-69F2-420F-A7BC-B31F726E8E88}.AppStore|iPhone.Build.0 = Release|Any CPU
		{E422047B-69F2-420F-A7BC-B31F726E8E88}.AppStore|iPhone.Deploy.0 = Release|Any CPU
		{E422047B-69F2-420F-A7BC-B31F726E8E88}.AppStore|iPhoneSimulator.ActiveCfg = Release|Any CPU
		{E422047B-69F2-420F-A7BC-B31F726E8E88}.AppStore|iPhoneSimulator.Build.0 = Release|Any CPU
		{E422047B-69F2-420F-A7BC-B31F726E8E88}.AppStore|iPhoneSimulator.Deploy.0 = Release|Any CPU
		{E422047B-69F2-420F-A7BC-B31F726E8E88}.AppStore|x64.ActiveCfg = Release|Any CPU
		{E422047B-69F2-420F-A7BC-B31F726E8E88}.AppStore|x64.Build.0 = Release|Any CPU
		{E422047B-69F2-420F-A7BC-B31F726E8E88}.AppStore|x64.Deploy.0 = Release|Any CPU
		{E422047B-69F2-420F-A7BC-B31F726E8E88}.AppStore|x86.ActiveCfg = Release|Any CPU
		{E422047B-69F2-420F-A7BC-B31F726E8E88}.AppStore|x86.Build.0 = Release|Any CPU
		{E422047B-69F2-420F-A7BC-B31F726E8E88}.AppStore|x86.Deploy.0 = Release|Any CPU
		{E422047B-69F2-420F-A7BC-B31F726E8E88}.Debug|Any CPU.ActiveCfg = Debug|Any CPU
		{E422047B-69F2-420F-A7BC-B31F726E8E88}.Debug|Any CPU.Build.0 = Debug|Any CPU
		{E422047B-69F2-420F-A7BC-B31F726E8E88}.Debug|Any CPU.Deploy.0 = Debug|Any CPU
		{E422047B-69F2-420F-A7BC-B31F726E8E88}.Debug|ARM.ActiveCfg = Debug|Any CPU
		{E422047B-69F2-420F-A7BC-B31F726E8E88}.Debug|ARM.Build.0 = Debug|Any CPU
		{E422047B-69F2-420F-A7BC-B31F726E8E88}.Debug|ARM.Deploy.0 = Debug|Any CPU
		{E422047B-69F2-420F-A7BC-B31F726E8E88}.Debug|iPhone.ActiveCfg = Debug|Any CPU
		{E422047B-69F2-420F-A7BC-B31F726E8E88}.Debug|iPhone.Build.0 = Debug|Any CPU
		{E422047B-69F2-420F-A7BC-B31F726E8E88}.Debug|iPhone.Deploy.0 = Debug|Any CPU
		{E422047B-69F2-420F-A7BC-B31F726E8E88}.Debug|iPhoneSimulator.ActiveCfg = Debug|Any CPU
		{E422047B-69F2-420F-A7BC-B31F726E8E88}.Debug|iPhoneSimulator.Build.0 = Debug|Any CPU
		{E422047B-69F2-420F-A7BC-B31F726E8E88}.Debug|iPhoneSimulator.Deploy.0 = Debug|Any CPU
		{E422047B-69F2-420F-A7BC-B31F726E8E88}.Debug|x64.ActiveCfg = Debug|Any CPU
		{E422047B-69F2-420F-A7BC-B31F726E8E88}.Debug|x64.Build.0 = Debug|Any CPU
		{E422047B-69F2-420F-A7BC-B31F726E8E88}.Debug|x64.Deploy.0 = Debug|Any CPU
		{E422047B-69F2-420F-A7BC-B31F726E8E88}.Debug|x86.ActiveCfg = Debug|Any CPU
		{E422047B-69F2-420F-A7BC-B31F726E8E88}.Debug|x86.Build.0 = Debug|Any CPU
		{E422047B-69F2-420F-A7BC-B31F726E8E88}.Debug|x86.Deploy.0 = Debug|Any CPU
		{E422047B-69F2-420F-A7BC-B31F726E8E88}.Release|Any CPU.ActiveCfg = Release|Any CPU
		{E422047B-69F2-420F-A7BC-B31F726E8E88}.Release|Any CPU.Build.0 = Release|Any CPU
		{E422047B-69F2-420F-A7BC-B31F726E8E88}.Release|Any CPU.Deploy.0 = Release|Any CPU
		{E422047B-69F2-420F-A7BC-B31F726E8E88}.Release|ARM.ActiveCfg = Release|Any CPU
		{E422047B-69F2-420F-A7BC-B31F726E8E88}.Release|ARM.Build.0 = Release|Any CPU
		{E422047B-69F2-420F-A7BC-B31F726E8E88}.Release|ARM.Deploy.0 = Release|Any CPU
		{E422047B-69F2-420F-A7BC-B31F726E8E88}.Release|iPhone.ActiveCfg = Release|Any CPU
		{E422047B-69F2-420F-A7BC-B31F726E8E88}.Release|iPhone.Build.0 = Release|Any CPU
		{E422047B-69F2-420F-A7BC-B31F726E8E88}.Release|iPhone.Deploy.0 = Release|Any CPU
		{E422047B-69F2-420F-A7BC-B31F726E8E88}.Release|iPhoneSimulator.ActiveCfg = Release|Any CPU
		{E422047B-69F2-420F-A7BC-B31F726E8E88}.Release|iPhoneSimulator.Build.0 = Release|Any CPU
		{E422047B-69F2-420F-A7BC-B31F726E8E88}.Release|iPhoneSimulator.Deploy.0 = Release|Any CPU
		{E422047B-69F2-420F-A7BC-B31F726E8E88}.Release|x64.ActiveCfg = Release|Any CPU
		{E422047B-69F2-420F-A7BC-B31F726E8E88}.Release|x64.Build.0 = Release|Any CPU
		{E422047B-69F2-420F-A7BC-B31F726E8E88}.Release|x64.Deploy.0 = Release|Any CPU
		{E422047B-69F2-420F-A7BC-B31F726E8E88}.Release|x86.ActiveCfg = Release|Any CPU
		{E422047B-69F2-420F-A7BC-B31F726E8E88}.Release|x86.Build.0 = Release|Any CPU
		{E422047B-69F2-420F-A7BC-B31F726E8E88}.Release|x86.Deploy.0 = Release|Any CPU
		{1CBEF5AD-05C7-4BEC-8A34-E0A0061DAE1B}.Ad-Hoc|Any CPU.ActiveCfg = Ad-Hoc|iPhone
		{1CBEF5AD-05C7-4BEC-8A34-E0A0061DAE1B}.Ad-Hoc|ARM.ActiveCfg = Ad-Hoc|iPhone
		{1CBEF5AD-05C7-4BEC-8A34-E0A0061DAE1B}.Ad-Hoc|iPhone.ActiveCfg = Ad-Hoc|iPhone
		{1CBEF5AD-05C7-4BEC-8A34-E0A0061DAE1B}.Ad-Hoc|iPhone.Build.0 = Ad-Hoc|iPhone
		{1CBEF5AD-05C7-4BEC-8A34-E0A0061DAE1B}.Ad-Hoc|iPhoneSimulator.ActiveCfg = Ad-Hoc|iPhoneSimulator
		{1CBEF5AD-05C7-4BEC-8A34-E0A0061DAE1B}.Ad-Hoc|iPhoneSimulator.Build.0 = Ad-Hoc|iPhoneSimulator
		{1CBEF5AD-05C7-4BEC-8A34-E0A0061DAE1B}.Ad-Hoc|x64.ActiveCfg = Ad-Hoc|iPhone
		{1CBEF5AD-05C7-4BEC-8A34-E0A0061DAE1B}.Ad-Hoc|x86.ActiveCfg = Ad-Hoc|iPhone
		{1CBEF5AD-05C7-4BEC-8A34-E0A0061DAE1B}.AppStore|Any CPU.ActiveCfg = AppStore|iPhone
		{1CBEF5AD-05C7-4BEC-8A34-E0A0061DAE1B}.AppStore|ARM.ActiveCfg = AppStore|iPhone
		{1CBEF5AD-05C7-4BEC-8A34-E0A0061DAE1B}.AppStore|iPhone.ActiveCfg = AppStore|iPhone
		{1CBEF5AD-05C7-4BEC-8A34-E0A0061DAE1B}.AppStore|iPhone.Build.0 = AppStore|iPhone
		{1CBEF5AD-05C7-4BEC-8A34-E0A0061DAE1B}.AppStore|iPhoneSimulator.ActiveCfg = AppStore|iPhoneSimulator
		{1CBEF5AD-05C7-4BEC-8A34-E0A0061DAE1B}.AppStore|iPhoneSimulator.Build.0 = AppStore|iPhoneSimulator
		{1CBEF5AD-05C7-4BEC-8A34-E0A0061DAE1B}.AppStore|x64.ActiveCfg = AppStore|iPhone
		{1CBEF5AD-05C7-4BEC-8A34-E0A0061DAE1B}.AppStore|x86.ActiveCfg = AppStore|iPhone
		{1CBEF5AD-05C7-4BEC-8A34-E0A0061DAE1B}.Debug|Any CPU.ActiveCfg = Debug|iPhone
		{1CBEF5AD-05C7-4BEC-8A34-E0A0061DAE1B}.Debug|ARM.ActiveCfg = Debug|iPhone
		{1CBEF5AD-05C7-4BEC-8A34-E0A0061DAE1B}.Debug|iPhone.ActiveCfg = Debug|iPhone
		{1CBEF5AD-05C7-4BEC-8A34-E0A0061DAE1B}.Debug|iPhone.Build.0 = Debug|iPhone
		{1CBEF5AD-05C7-4BEC-8A34-E0A0061DAE1B}.Debug|iPhoneSimulator.ActiveCfg = Debug|iPhoneSimulator
		{1CBEF5AD-05C7-4BEC-8A34-E0A0061DAE1B}.Debug|iPhoneSimulator.Build.0 = Debug|iPhoneSimulator
		{1CBEF5AD-05C7-4BEC-8A34-E0A0061DAE1B}.Debug|x64.ActiveCfg = Debug|iPhone
		{1CBEF5AD-05C7-4BEC-8A34-E0A0061DAE1B}.Debug|x86.ActiveCfg = Debug|iPhone
		{1CBEF5AD-05C7-4BEC-8A34-E0A0061DAE1B}.Release|Any CPU.ActiveCfg = Release|iPhone
		{1CBEF5AD-05C7-4BEC-8A34-E0A0061DAE1B}.Release|ARM.ActiveCfg = Release|iPhone
		{1CBEF5AD-05C7-4BEC-8A34-E0A0061DAE1B}.Release|iPhone.ActiveCfg = Release|iPhone
		{1CBEF5AD-05C7-4BEC-8A34-E0A0061DAE1B}.Release|iPhone.Build.0 = Release|iPhone
		{1CBEF5AD-05C7-4BEC-8A34-E0A0061DAE1B}.Release|iPhoneSimulator.ActiveCfg = Release|iPhoneSimulator
		{1CBEF5AD-05C7-4BEC-8A34-E0A0061DAE1B}.Release|iPhoneSimulator.Build.0 = Release|iPhoneSimulator
		{1CBEF5AD-05C7-4BEC-8A34-E0A0061DAE1B}.Release|x64.ActiveCfg = Release|iPhone
		{1CBEF5AD-05C7-4BEC-8A34-E0A0061DAE1B}.Release|x86.ActiveCfg = Release|iPhone
		{DD70726A-161F-44AC-AD9A-A0A7E02270C3}.Ad-Hoc|Any CPU.ActiveCfg = Release|x64
		{DD70726A-161F-44AC-AD9A-A0A7E02270C3}.Ad-Hoc|Any CPU.Build.0 = Release|x64
		{DD70726A-161F-44AC-AD9A-A0A7E02270C3}.Ad-Hoc|Any CPU.Deploy.0 = Release|x64
		{DD70726A-161F-44AC-AD9A-A0A7E02270C3}.Ad-Hoc|ARM.ActiveCfg = Release|ARM
		{DD70726A-161F-44AC-AD9A-A0A7E02270C3}.Ad-Hoc|ARM.Build.0 = Release|ARM
		{DD70726A-161F-44AC-AD9A-A0A7E02270C3}.Ad-Hoc|ARM.Deploy.0 = Release|ARM
		{DD70726A-161F-44AC-AD9A-A0A7E02270C3}.Ad-Hoc|iPhone.ActiveCfg = Release|x64
		{DD70726A-161F-44AC-AD9A-A0A7E02270C3}.Ad-Hoc|iPhone.Build.0 = Release|x64
		{DD70726A-161F-44AC-AD9A-A0A7E02270C3}.Ad-Hoc|iPhone.Deploy.0 = Release|x64
		{DD70726A-161F-44AC-AD9A-A0A7E02270C3}.Ad-Hoc|iPhoneSimulator.ActiveCfg = Release|x64
		{DD70726A-161F-44AC-AD9A-A0A7E02270C3}.Ad-Hoc|iPhoneSimulator.Build.0 = Release|x64
		{DD70726A-161F-44AC-AD9A-A0A7E02270C3}.Ad-Hoc|iPhoneSimulator.Deploy.0 = Release|x64
		{DD70726A-161F-44AC-AD9A-A0A7E02270C3}.Ad-Hoc|x64.ActiveCfg = Release|x64
		{DD70726A-161F-44AC-AD9A-A0A7E02270C3}.Ad-Hoc|x64.Build.0 = Release|x64
		{DD70726A-161F-44AC-AD9A-A0A7E02270C3}.Ad-Hoc|x64.Deploy.0 = Release|x64
		{DD70726A-161F-44AC-AD9A-A0A7E02270C3}.Ad-Hoc|x86.ActiveCfg = Release|x86
		{DD70726A-161F-44AC-AD9A-A0A7E02270C3}.Ad-Hoc|x86.Build.0 = Release|x86
		{DD70726A-161F-44AC-AD9A-A0A7E02270C3}.Ad-Hoc|x86.Deploy.0 = Release|x86
		{DD70726A-161F-44AC-AD9A-A0A7E02270C3}.AppStore|Any CPU.ActiveCfg = Release|x64
		{DD70726A-161F-44AC-AD9A-A0A7E02270C3}.AppStore|Any CPU.Build.0 = Release|x64
		{DD70726A-161F-44AC-AD9A-A0A7E02270C3}.AppStore|Any CPU.Deploy.0 = Release|x64
		{DD70726A-161F-44AC-AD9A-A0A7E02270C3}.AppStore|ARM.ActiveCfg = Release|ARM
		{DD70726A-161F-44AC-AD9A-A0A7E02270C3}.AppStore|ARM.Build.0 = Release|ARM
		{DD70726A-161F-44AC-AD9A-A0A7E02270C3}.AppStore|ARM.Deploy.0 = Release|ARM
		{DD70726A-161F-44AC-AD9A-A0A7E02270C3}.AppStore|iPhone.ActiveCfg = Release|x64
		{DD70726A-161F-44AC-AD9A-A0A7E02270C3}.AppStore|iPhone.Build.0 = Release|x64
		{DD70726A-161F-44AC-AD9A-A0A7E02270C3}.AppStore|iPhone.Deploy.0 = Release|x64
		{DD70726A-161F-44AC-AD9A-A0A7E02270C3}.AppStore|iPhoneSimulator.ActiveCfg = Release|x64
		{DD70726A-161F-44AC-AD9A-A0A7E02270C3}.AppStore|iPhoneSimulator.Build.0 = Release|x64
		{DD70726A-161F-44AC-AD9A-A0A7E02270C3}.AppStore|iPhoneSimulator.Deploy.0 = Release|x64
		{DD70726A-161F-44AC-AD9A-A0A7E02270C3}.AppStore|x64.ActiveCfg = Release|x64
		{DD70726A-161F-44AC-AD9A-A0A7E02270C3}.AppStore|x64.Build.0 = Release|x64
		{DD70726A-161F-44AC-AD9A-A0A7E02270C3}.AppStore|x64.Deploy.0 = Release|x64
		{DD70726A-161F-44AC-AD9A-A0A7E02270C3}.AppStore|x86.ActiveCfg = Release|x86
		{DD70726A-161F-44AC-AD9A-A0A7E02270C3}.AppStore|x86.Build.0 = Release|x86
		{DD70726A-161F-44AC-AD9A-A0A7E02270C3}.AppStore|x86.Deploy.0 = Release|x86
		{DD70726A-161F-44AC-AD9A-A0A7E02270C3}.Debug|Any CPU.ActiveCfg = Debug|x86
		{DD70726A-161F-44AC-AD9A-A0A7E02270C3}.Debug|Any CPU.Build.0 = Debug|x86
		{DD70726A-161F-44AC-AD9A-A0A7E02270C3}.Debug|Any CPU.Deploy.0 = Debug|x86
		{DD70726A-161F-44AC-AD9A-A0A7E02270C3}.Debug|ARM.ActiveCfg = Debug|ARM
		{DD70726A-161F-44AC-AD9A-A0A7E02270C3}.Debug|ARM.Build.0 = Debug|ARM
		{DD70726A-161F-44AC-AD9A-A0A7E02270C3}.Debug|ARM.Deploy.0 = Debug|ARM
		{DD70726A-161F-44AC-AD9A-A0A7E02270C3}.Debug|iPhone.ActiveCfg = Debug|x86
		{DD70726A-161F-44AC-AD9A-A0A7E02270C3}.Debug|iPhoneSimulator.ActiveCfg = Debug|x86
		{DD70726A-161F-44AC-AD9A-A0A7E02270C3}.Debug|x64.ActiveCfg = Debug|x64
		{DD70726A-161F-44AC-AD9A-A0A7E02270C3}.Debug|x64.Build.0 = Debug|x64
		{DD70726A-161F-44AC-AD9A-A0A7E02270C3}.Debug|x64.Deploy.0 = Debug|x64
		{DD70726A-161F-44AC-AD9A-A0A7E02270C3}.Debug|x86.ActiveCfg = Debug|x86
		{DD70726A-161F-44AC-AD9A-A0A7E02270C3}.Debug|x86.Build.0 = Debug|x86
		{DD70726A-161F-44AC-AD9A-A0A7E02270C3}.Debug|x86.Deploy.0 = Debug|x86
		{DD70726A-161F-44AC-AD9A-A0A7E02270C3}.Release|Any CPU.ActiveCfg = Release|x86
		{DD70726A-161F-44AC-AD9A-A0A7E02270C3}.Release|ARM.ActiveCfg = Release|ARM
		{DD70726A-161F-44AC-AD9A-A0A7E02270C3}.Release|ARM.Build.0 = Release|ARM
		{DD70726A-161F-44AC-AD9A-A0A7E02270C3}.Release|ARM.Deploy.0 = Release|ARM
		{DD70726A-161F-44AC-AD9A-A0A7E02270C3}.Release|iPhone.ActiveCfg = Release|x86
		{DD70726A-161F-44AC-AD9A-A0A7E02270C3}.Release|iPhoneSimulator.ActiveCfg = Release|x86
		{DD70726A-161F-44AC-AD9A-A0A7E02270C3}.Release|x64.ActiveCfg = Release|x64
		{DD70726A-161F-44AC-AD9A-A0A7E02270C3}.Release|x64.Build.0 = Release|x64
		{DD70726A-161F-44AC-AD9A-A0A7E02270C3}.Release|x64.Deploy.0 = Release|x64
		{DD70726A-161F-44AC-AD9A-A0A7E02270C3}.Release|x86.ActiveCfg = Release|x86
		{DD70726A-161F-44AC-AD9A-A0A7E02270C3}.Release|x86.Build.0 = Release|x86
		{DD70726A-161F-44AC-AD9A-A0A7E02270C3}.Release|x86.Deploy.0 = Release|x86
		{C5223F8C-2781-433C-ABFE-36EAF103A543}.Ad-Hoc|Any CPU.ActiveCfg = Release|Any CPU
		{C5223F8C-2781-433C-ABFE-36EAF103A543}.Ad-Hoc|Any CPU.Build.0 = Release|Any CPU
		{C5223F8C-2781-433C-ABFE-36EAF103A543}.Ad-Hoc|Any CPU.Deploy.0 = Release|Any CPU
		{C5223F8C-2781-433C-ABFE-36EAF103A543}.Ad-Hoc|ARM.ActiveCfg = Release|ARM
		{C5223F8C-2781-433C-ABFE-36EAF103A543}.Ad-Hoc|ARM.Build.0 = Release|ARM
		{C5223F8C-2781-433C-ABFE-36EAF103A543}.Ad-Hoc|ARM.Deploy.0 = Release|ARM
		{C5223F8C-2781-433C-ABFE-36EAF103A543}.Ad-Hoc|iPhone.ActiveCfg = Release|Any CPU
		{C5223F8C-2781-433C-ABFE-36EAF103A543}.Ad-Hoc|iPhone.Build.0 = Release|Any CPU
		{C5223F8C-2781-433C-ABFE-36EAF103A543}.Ad-Hoc|iPhone.Deploy.0 = Release|Any CPU
		{C5223F8C-2781-433C-ABFE-36EAF103A543}.Ad-Hoc|iPhoneSimulator.ActiveCfg = Release|Any CPU
		{C5223F8C-2781-433C-ABFE-36EAF103A543}.Ad-Hoc|iPhoneSimulator.Build.0 = Release|Any CPU
		{C5223F8C-2781-433C-ABFE-36EAF103A543}.Ad-Hoc|iPhoneSimulator.Deploy.0 = Release|Any CPU
		{C5223F8C-2781-433C-ABFE-36EAF103A543}.Ad-Hoc|x64.ActiveCfg = Release|Any CPU
		{C5223F8C-2781-433C-ABFE-36EAF103A543}.Ad-Hoc|x64.Build.0 = Release|Any CPU
		{C5223F8C-2781-433C-ABFE-36EAF103A543}.Ad-Hoc|x64.Deploy.0 = Release|Any CPU
		{C5223F8C-2781-433C-ABFE-36EAF103A543}.Ad-Hoc|x86.ActiveCfg = Release|x86
		{C5223F8C-2781-433C-ABFE-36EAF103A543}.Ad-Hoc|x86.Build.0 = Release|x86
		{C5223F8C-2781-433C-ABFE-36EAF103A543}.Ad-Hoc|x86.Deploy.0 = Release|x86
		{C5223F8C-2781-433C-ABFE-36EAF103A543}.AppStore|Any CPU.ActiveCfg = Release|Any CPU
		{C5223F8C-2781-433C-ABFE-36EAF103A543}.AppStore|Any CPU.Build.0 = Release|Any CPU
		{C5223F8C-2781-433C-ABFE-36EAF103A543}.AppStore|Any CPU.Deploy.0 = Release|Any CPU
		{C5223F8C-2781-433C-ABFE-36EAF103A543}.AppStore|ARM.ActiveCfg = Release|ARM
		{C5223F8C-2781-433C-ABFE-36EAF103A543}.AppStore|ARM.Build.0 = Release|ARM
		{C5223F8C-2781-433C-ABFE-36EAF103A543}.AppStore|ARM.Deploy.0 = Release|ARM
		{C5223F8C-2781-433C-ABFE-36EAF103A543}.AppStore|iPhone.ActiveCfg = Release|Any CPU
		{C5223F8C-2781-433C-ABFE-36EAF103A543}.AppStore|iPhone.Build.0 = Release|Any CPU
		{C5223F8C-2781-433C-ABFE-36EAF103A543}.AppStore|iPhone.Deploy.0 = Release|Any CPU
		{C5223F8C-2781-433C-ABFE-36EAF103A543}.AppStore|iPhoneSimulator.ActiveCfg = Release|Any CPU
		{C5223F8C-2781-433C-ABFE-36EAF103A543}.AppStore|iPhoneSimulator.Build.0 = Release|Any CPU
		{C5223F8C-2781-433C-ABFE-36EAF103A543}.AppStore|iPhoneSimulator.Deploy.0 = Release|Any CPU
		{C5223F8C-2781-433C-ABFE-36EAF103A543}.AppStore|x64.ActiveCfg = Release|Any CPU
		{C5223F8C-2781-433C-ABFE-36EAF103A543}.AppStore|x64.Build.0 = Release|Any CPU
		{C5223F8C-2781-433C-ABFE-36EAF103A543}.AppStore|x64.Deploy.0 = Release|Any CPU
		{C5223F8C-2781-433C-ABFE-36EAF103A543}.AppStore|x86.ActiveCfg = Release|x86
		{C5223F8C-2781-433C-ABFE-36EAF103A543}.AppStore|x86.Build.0 = Release|x86
		{C5223F8C-2781-433C-ABFE-36EAF103A543}.AppStore|x86.Deploy.0 = Release|x86
		{C5223F8C-2781-433C-ABFE-36EAF103A543}.Debug|Any CPU.ActiveCfg = Debug|Any CPU
		{C5223F8C-2781-433C-ABFE-36EAF103A543}.Debug|Any CPU.Build.0 = Debug|Any CPU
		{C5223F8C-2781-433C-ABFE-36EAF103A543}.Debug|Any CPU.Deploy.0 = Debug|Any CPU
		{C5223F8C-2781-433C-ABFE-36EAF103A543}.Debug|ARM.ActiveCfg = Debug|ARM
		{C5223F8C-2781-433C-ABFE-36EAF103A543}.Debug|ARM.Build.0 = Debug|ARM
		{C5223F8C-2781-433C-ABFE-36EAF103A543}.Debug|ARM.Deploy.0 = Debug|ARM
		{C5223F8C-2781-433C-ABFE-36EAF103A543}.Debug|iPhone.ActiveCfg = Debug|Any CPU
		{C5223F8C-2781-433C-ABFE-36EAF103A543}.Debug|iPhone.Build.0 = Debug|Any CPU
		{C5223F8C-2781-433C-ABFE-36EAF103A543}.Debug|iPhone.Deploy.0 = Debug|Any CPU
		{C5223F8C-2781-433C-ABFE-36EAF103A543}.Debug|iPhoneSimulator.ActiveCfg = Debug|Any CPU
		{C5223F8C-2781-433C-ABFE-36EAF103A543}.Debug|iPhoneSimulator.Build.0 = Debug|Any CPU
		{C5223F8C-2781-433C-ABFE-36EAF103A543}.Debug|iPhoneSimulator.Deploy.0 = Debug|Any CPU
		{C5223F8C-2781-433C-ABFE-36EAF103A543}.Debug|x64.ActiveCfg = Debug|Any CPU
		{C5223F8C-2781-433C-ABFE-36EAF103A543}.Debug|x64.Build.0 = Debug|Any CPU
		{C5223F8C-2781-433C-ABFE-36EAF103A543}.Debug|x64.Deploy.0 = Debug|Any CPU
		{C5223F8C-2781-433C-ABFE-36EAF103A543}.Debug|x86.ActiveCfg = Debug|x86
		{C5223F8C-2781-433C-ABFE-36EAF103A543}.Debug|x86.Build.0 = Debug|x86
		{C5223F8C-2781-433C-ABFE-36EAF103A543}.Debug|x86.Deploy.0 = Debug|x86
		{C5223F8C-2781-433C-ABFE-36EAF103A543}.Release|Any CPU.ActiveCfg = Release|Any CPU
		{C5223F8C-2781-433C-ABFE-36EAF103A543}.Release|Any CPU.Build.0 = Release|Any CPU
		{C5223F8C-2781-433C-ABFE-36EAF103A543}.Release|Any CPU.Deploy.0 = Release|Any CPU
		{C5223F8C-2781-433C-ABFE-36EAF103A543}.Release|ARM.ActiveCfg = Release|ARM
		{C5223F8C-2781-433C-ABFE-36EAF103A543}.Release|ARM.Build.0 = Release|ARM
		{C5223F8C-2781-433C-ABFE-36EAF103A543}.Release|ARM.Deploy.0 = Release|ARM
		{C5223F8C-2781-433C-ABFE-36EAF103A543}.Release|iPhone.ActiveCfg = Release|Any CPU
		{C5223F8C-2781-433C-ABFE-36EAF103A543}.Release|iPhone.Build.0 = Release|Any CPU
		{C5223F8C-2781-433C-ABFE-36EAF103A543}.Release|iPhone.Deploy.0 = Release|Any CPU
		{C5223F8C-2781-433C-ABFE-36EAF103A543}.Release|iPhoneSimulator.ActiveCfg = Release|Any CPU
		{C5223F8C-2781-433C-ABFE-36EAF103A543}.Release|iPhoneSimulator.Build.0 = Release|Any CPU
		{C5223F8C-2781-433C-ABFE-36EAF103A543}.Release|iPhoneSimulator.Deploy.0 = Release|Any CPU
		{C5223F8C-2781-433C-ABFE-36EAF103A543}.Release|x64.ActiveCfg = Release|Any CPU
		{C5223F8C-2781-433C-ABFE-36EAF103A543}.Release|x64.Build.0 = Release|Any CPU
		{C5223F8C-2781-433C-ABFE-36EAF103A543}.Release|x64.Deploy.0 = Release|Any CPU
		{C5223F8C-2781-433C-ABFE-36EAF103A543}.Release|x86.ActiveCfg = Release|x86
		{C5223F8C-2781-433C-ABFE-36EAF103A543}.Release|x86.Build.0 = Release|x86
		{C5223F8C-2781-433C-ABFE-36EAF103A543}.Release|x86.Deploy.0 = Release|x86
		{3236B51E-CF18-4311-8898-E30B6A9E25F9}.Ad-Hoc|Any CPU.ActiveCfg = Release|x64
		{3236B51E-CF18-4311-8898-E30B6A9E25F9}.Ad-Hoc|Any CPU.Build.0 = Release|x64
		{3236B51E-CF18-4311-8898-E30B6A9E25F9}.Ad-Hoc|Any CPU.Deploy.0 = Release|x64
		{3236B51E-CF18-4311-8898-E30B6A9E25F9}.Ad-Hoc|ARM.ActiveCfg = Release|ARM
		{3236B51E-CF18-4311-8898-E30B6A9E25F9}.Ad-Hoc|ARM.Build.0 = Release|ARM
		{3236B51E-CF18-4311-8898-E30B6A9E25F9}.Ad-Hoc|ARM.Deploy.0 = Release|ARM
		{3236B51E-CF18-4311-8898-E30B6A9E25F9}.Ad-Hoc|iPhone.ActiveCfg = Release|x64
		{3236B51E-CF18-4311-8898-E30B6A9E25F9}.Ad-Hoc|iPhone.Build.0 = Release|x64
		{3236B51E-CF18-4311-8898-E30B6A9E25F9}.Ad-Hoc|iPhone.Deploy.0 = Release|x64
		{3236B51E-CF18-4311-8898-E30B6A9E25F9}.Ad-Hoc|iPhoneSimulator.ActiveCfg = Release|x64
		{3236B51E-CF18-4311-8898-E30B6A9E25F9}.Ad-Hoc|iPhoneSimulator.Build.0 = Release|x64
		{3236B51E-CF18-4311-8898-E30B6A9E25F9}.Ad-Hoc|iPhoneSimulator.Deploy.0 = Release|x64
		{3236B51E-CF18-4311-8898-E30B6A9E25F9}.Ad-Hoc|x64.ActiveCfg = Release|x64
		{3236B51E-CF18-4311-8898-E30B6A9E25F9}.Ad-Hoc|x64.Build.0 = Release|x64
		{3236B51E-CF18-4311-8898-E30B6A9E25F9}.Ad-Hoc|x64.Deploy.0 = Release|x64
		{3236B51E-CF18-4311-8898-E30B6A9E25F9}.Ad-Hoc|x86.ActiveCfg = Release|x86
		{3236B51E-CF18-4311-8898-E30B6A9E25F9}.Ad-Hoc|x86.Build.0 = Release|x86
		{3236B51E-CF18-4311-8898-E30B6A9E25F9}.Ad-Hoc|x86.Deploy.0 = Release|x86
		{3236B51E-CF18-4311-8898-E30B6A9E25F9}.AppStore|Any CPU.ActiveCfg = Release|x64
		{3236B51E-CF18-4311-8898-E30B6A9E25F9}.AppStore|Any CPU.Build.0 = Release|x64
		{3236B51E-CF18-4311-8898-E30B6A9E25F9}.AppStore|Any CPU.Deploy.0 = Release|x64
		{3236B51E-CF18-4311-8898-E30B6A9E25F9}.AppStore|ARM.ActiveCfg = Release|ARM
		{3236B51E-CF18-4311-8898-E30B6A9E25F9}.AppStore|ARM.Build.0 = Release|ARM
		{3236B51E-CF18-4311-8898-E30B6A9E25F9}.AppStore|ARM.Deploy.0 = Release|ARM
		{3236B51E-CF18-4311-8898-E30B6A9E25F9}.AppStore|iPhone.ActiveCfg = Release|x64
		{3236B51E-CF18-4311-8898-E30B6A9E25F9}.AppStore|iPhone.Build.0 = Release|x64
		{3236B51E-CF18-4311-8898-E30B6A9E25F9}.AppStore|iPhone.Deploy.0 = Release|x64
		{3236B51E-CF18-4311-8898-E30B6A9E25F9}.AppStore|iPhoneSimulator.ActiveCfg = Release|x64
		{3236B51E-CF18-4311-8898-E30B6A9E25F9}.AppStore|iPhoneSimulator.Build.0 = Release|x64
		{3236B51E-CF18-4311-8898-E30B6A9E25F9}.AppStore|iPhoneSimulator.Deploy.0 = Release|x64
		{3236B51E-CF18-4311-8898-E30B6A9E25F9}.AppStore|x64.ActiveCfg = Release|x64
		{3236B51E-CF18-4311-8898-E30B6A9E25F9}.AppStore|x64.Build.0 = Release|x64
		{3236B51E-CF18-4311-8898-E30B6A9E25F9}.AppStore|x64.Deploy.0 = Release|x64
		{3236B51E-CF18-4311-8898-E30B6A9E25F9}.AppStore|x86.ActiveCfg = Release|x86
		{3236B51E-CF18-4311-8898-E30B6A9E25F9}.AppStore|x86.Build.0 = Release|x86
		{3236B51E-CF18-4311-8898-E30B6A9E25F9}.AppStore|x86.Deploy.0 = Release|x86
		{3236B51E-CF18-4311-8898-E30B6A9E25F9}.Debug|Any CPU.ActiveCfg = Debug|x86
		{3236B51E-CF18-4311-8898-E30B6A9E25F9}.Debug|Any CPU.Build.0 = Debug|x86
		{3236B51E-CF18-4311-8898-E30B6A9E25F9}.Debug|Any CPU.Deploy.0 = Debug|x86
		{3236B51E-CF18-4311-8898-E30B6A9E25F9}.Debug|ARM.ActiveCfg = Debug|ARM
		{3236B51E-CF18-4311-8898-E30B6A9E25F9}.Debug|ARM.Build.0 = Debug|ARM
		{3236B51E-CF18-4311-8898-E30B6A9E25F9}.Debug|ARM.Deploy.0 = Debug|ARM
		{3236B51E-CF18-4311-8898-E30B6A9E25F9}.Debug|iPhone.ActiveCfg = Debug|x86
		{3236B51E-CF18-4311-8898-E30B6A9E25F9}.Debug|iPhoneSimulator.ActiveCfg = Debug|x86
		{3236B51E-CF18-4311-8898-E30B6A9E25F9}.Debug|x64.ActiveCfg = Debug|x64
		{3236B51E-CF18-4311-8898-E30B6A9E25F9}.Debug|x64.Build.0 = Debug|x64
		{3236B51E-CF18-4311-8898-E30B6A9E25F9}.Debug|x64.Deploy.0 = Debug|x64
		{3236B51E-CF18-4311-8898-E30B6A9E25F9}.Debug|x86.ActiveCfg = Debug|x86
		{3236B51E-CF18-4311-8898-E30B6A9E25F9}.Debug|x86.Build.0 = Debug|x86
		{3236B51E-CF18-4311-8898-E30B6A9E25F9}.Debug|x86.Deploy.0 = Debug|x86
		{3236B51E-CF18-4311-8898-E30B6A9E25F9}.Release|Any CPU.ActiveCfg = Release|x86
		{3236B51E-CF18-4311-8898-E30B6A9E25F9}.Release|ARM.ActiveCfg = Release|ARM
		{3236B51E-CF18-4311-8898-E30B6A9E25F9}.Release|ARM.Build.0 = Release|ARM
		{3236B51E-CF18-4311-8898-E30B6A9E25F9}.Release|ARM.Deploy.0 = Release|ARM
		{3236B51E-CF18-4311-8898-E30B6A9E25F9}.Release|iPhone.ActiveCfg = Release|x86
		{3236B51E-CF18-4311-8898-E30B6A9E25F9}.Release|iPhoneSimulator.ActiveCfg = Release|x86
		{3236B51E-CF18-4311-8898-E30B6A9E25F9}.Release|x64.ActiveCfg = Release|x64
		{3236B51E-CF18-4311-8898-E30B6A9E25F9}.Release|x64.Build.0 = Release|x64
		{3236B51E-CF18-4311-8898-E30B6A9E25F9}.Release|x64.Deploy.0 = Release|x64
		{3236B51E-CF18-4311-8898-E30B6A9E25F9}.Release|x86.ActiveCfg = Release|x86
		{3236B51E-CF18-4311-8898-E30B6A9E25F9}.Release|x86.Build.0 = Release|x86
		{3236B51E-CF18-4311-8898-E30B6A9E25F9}.Release|x86.Deploy.0 = Release|x86
	EndGlobalSection
	GlobalSection(SolutionProperties) = preSolution
		HideSolutionNode = FALSE
	EndGlobalSection
	GlobalSection(NestedProjects) = preSolution
		{EDCF503F-2C08-4F8F-B251-CE23D513893F} = {4CA3C806-2C1F-4921-950D-7027F8FC7C21}
		{180C0707-531A-467C-A14C-9D49BAC09CD3} = {4CA3C806-2C1F-4921-950D-7027F8FC7C21}
		{56B24492-D883-4592-9D27-B4363F1E250B} = {4CA3C806-2C1F-4921-950D-7027F8FC7C21}
		{D8AC967E-1B7A-472A-A4B2-7DB081837390} = {AD01096B-6F45-49C7-9198-29B730B6E7C8}
		{990D3AC5-32AE-4C37-9188-B313EC88D263} = {310FF2E3-7489-48ED-8C10-B5B0774DBA88}
		{E422047B-69F2-420F-A7BC-B31F726E8E88} = {310FF2E3-7489-48ED-8C10-B5B0774DBA88}
		{1CBEF5AD-05C7-4BEC-8A34-E0A0061DAE1B} = {310FF2E3-7489-48ED-8C10-B5B0774DBA88}
		{DD70726A-161F-44AC-AD9A-A0A7E02270C3} = {310FF2E3-7489-48ED-8C10-B5B0774DBA88}
		{C5223F8C-2781-433C-ABFE-36EAF103A543} = {310FF2E3-7489-48ED-8C10-B5B0774DBA88}
		{3236B51E-CF18-4311-8898-E30B6A9E25F9} = {4CA3C806-2C1F-4921-950D-7027F8FC7C21}
	EndGlobalSection
EndGlobal
